aiofiles==25.1.0
aiogram==3.30.0
aiohappyeyeballs==2.7.1
aiohttp==3.14.3
aiosignal==1.4.0
annotated-types==0.8.0
attrs==26.1.0
certifi==2026.7.22
colorama==0.4.6
coverage==7.15.4
frozenlist==1.8.0
idna==3.18
iniconfig==2.3.0
magic-filter==1.0.12
multidict==6.7.1
nodeenv==1.10.0
packaging==26.3
pluggy==1.6.0
propcache==0.5.2
psycopg==3.3.4
psycopg-binary==3.3.4
psycopg-pool==3.3.1
pyright==1.1.411
pydantic==2.13.4
pydantic-settings==2.14.2
pydantic_core==2.46.4
Pygments==2.20.0
pytest==8.4.2
pytest-cov==7.1.0
python-dotenv==1.2.2
PyYAML==6.0.3
redis==8.1.0
ruff==0.16.2
structlog==25.5.0
# Editable Git install with no remote (subtitle-telegram-bot==0.1.0)
-e c:\users\nitro 5\documents\to le
typing-inspection==0.4.2
typing_extensions==4.16.0
tzdata==2026.3
yarl==1.24.5
